// !$*UTF8*$!
{
	archiveVersion = 1;
	classes = {
	};
	objectVersion = 51;
	objects = {

/* Begin PBXBuildFile section */
		4C2A23A6AD3DBD875BF0CDA7 /* Pods_AppStoreV1_1.framework in Frameworks */ = {isa = PBXBuildFile; fileRef = 8A3AB10A3396F0B9E5B8EDE6 /* Pods_AppStoreV1_1.framework */; };
		8B2CE50524C8FCB100D199F1 /* NetworkService.swift in Sources */ = {isa = PBXBuildFile; fileRef = 8B2CE50424C8FCB100D199F1 /* NetworkService.swift */; };
		8B2CE50924C903FB00D199F1 /* SearchResult.swift in Sources */ = {isa = PBXBuildFile; fileRef = 8B2CE50824C903FB00D199F1 /* SearchResult.swift */; };
		8B76E9C824C76B1300B600E9 /* AppDelegate.swift in Sources */ = {isa = PBXBuildFile; fileRef = 8B76E9C724C76B1300B600E9 /* AppDelegate.swift */; };
		8B76E9CA24C76B1300B600E9 /* SceneDelegate.swift in Sources */ = {isa = PBXBuildFile; fileRef = 8B76E9C924C76B1300B600E9 /* SceneDelegate.swift */; };
		8B76E9CC24C76B1300B600E9 /* ContentView.swift in Sources */ = {isa = PBXBuildFile; fileRef = 8B76E9CB24C76B1300B600E9 /* ContentView.swift */; };
		8B76E9CE24C76B1700B600E9 /* Assets.xcassets in Resources */ = {isa = PBXBuildFile; fileRef = 8B76E9CD24C76B1700B600E9 /* Assets.xcassets */; };
		8B76E9D124C76B1700B600E9 /* Preview Assets.xcassets in Resources */ = {isa = PBXBuildFile; fileRef = 8B76E9D024C76B1700B600E9 /* Preview Assets.xcassets */; };
		8B76E9D424C76B1700B600E9 /* LaunchScreen.storyboard in Resources */ = {isa = PBXBuildFile; fileRef = 8B76E9D224C76B1700B600E9 /* LaunchScreen.storyboard */; };
		8B76E9DD24C78EDC00B600E9 /* AppSearchController.swift in Sources */ = {isa = PBXBuildFile; fileRef = 8B76E9DC24C78EDC00B600E9 /* AppSearchController.swift */; };
		8B76E9E024C7948700B600E9 /* SearchResultCell.swift in Sources */ = {isa = PBXBuildFile; fileRef = 8B76E9DF24C7948700B600E9 /* SearchResultCell.swift */; };
		8B76E9E324C7A56300B600E9 /* ASLabel.swift in Sources */ = {isa = PBXBuildFile; fileRef = 8B76E9E224C7A56300B600E9 /* ASLabel.swift */; };
		8B76E9E524C7A92900B600E9 /* ASImageView.swift in Sources */ = {isa = PBXBuildFile; fileRef = 8B76E9E424C7A92900B600E9 /* ASImageView.swift */; };
		8B76E9E724C7AC2E00B600E9 /* ASButton.swift in Sources */ = {isa = PBXBuildFile; fileRef = 8B76E9E624C7AC2E00B600E9 /* ASButton.swift */; };
		8B76E9EA24C7ADB900B600E9 /* Extensions.swift in Sources */ = {isa = PBXBuildFile; fileRef = 8B76E9E924C7ADB900B600E9 /* Extensions.swift */; };
		8B76E9EC24C7DC9400B600E9 /* ASStackView.swift in Sources */ = {isa = PBXBuildFile; fileRef = 8B76E9EB24C7DC9400B600E9 /* ASStackView.swift */; };
		8BABE0C024CB7C2C008503ED /* AppsGroupCell.swift in Sources */ = {isa = PBXBuildFile; fileRef = 8BABE0BF24CB7C2C008503ED /* AppsGroupCell.swift */; };
		8BABE0C424CB8823008503ED /* HorizontalApssController.swift in Sources */ = {isa = PBXBuildFile; fileRef = 8BABE0C324CB8823008503ED /* HorizontalApssController.swift */; };
		8BABE0C624CBA06B008503ED /* AppsRowCell.swift in Sources */ = {isa = PBXBuildFile; fileRef = 8BABE0C524CBA06B008503ED /* AppsRowCell.swift */; };
		8BB9204424CB649700DEA614 /* AppsController.swift in Sources */ = {isa = PBXBuildFile; fileRef = 8BB9204324CB649700DEA614 /* AppsController.swift */; };
		8BDF526724CA3E8700610BFA /* BaseTabBarController.swift in Sources */ = {isa = PBXBuildFile; fileRef = 8BDF526624CA3E8700610BFA /* BaseTabBarController.swift */; };
/* End PBXBuildFile section */

/* Begin PBXFileReference section */
		72A2A68822A738A876B88F8C /* Pods-AppStoreV1.1.debug.xcconfig */ = {isa = PBXFileReference; includeInIndex = 1; lastKnownFileType = text.xcconfig; name = "Pods-AppStoreV1.1.debug.xcconfig"; path = "Target Support Files/Pods-AppStoreV1.1/Pods-AppStoreV1.1.debug.xcconfig"; sourceTree = "<group>"; };
		8A3AB10A3396F0B9E5B8EDE6 /* Pods_AppStoreV1_1.framework */ = {isa = PBXFileReference; explicitFileType = wrapper.framework; includeInIndex = 0; path = Pods_AppStoreV1_1.framework; sourceTree = BUILT_PRODUCTS_DIR; };
		8B2CE50424C8FCB100D199F1 /* NetworkService.swift */ = {isa = PBXFileReference; lastKnownFileType = sourcecode.swift; path = NetworkService.swift; sourceTree = "<group>"; };
		8B2CE50824C903FB00D199F1 /* SearchResult.swift */ = {isa = PBXFileReference; lastKnownFileType = sourcecode.swift; path = SearchResult.swift; sourceTree = "<group>"; };
		8B76E9C424C76B1300B600E9 /* AppStoreV1.1.app */ = {isa = PBXFileReference; explicitFileType = wrapper.application; includeInIndex = 0; path = AppStoreV1.1.app; sourceTree = BUILT_PRODUCTS_DIR; };
		8B76E9C724C76B1300B600E9 /* AppDelegate.swift */ = {isa = PBXFileReference; lastKnownFileType = sourcecode.swift; path = AppDelegate.swift; sourceTree = "<group>"; };
		8B76E9C924C76B1300B600E9 /* SceneDelegate.swift */ = {isa = PBXFileReference; lastKnownFileType = sourcecode.swift; path = SceneDelegate.swift; sourceTree = "<group>"; };
		8B76E9CB24C76B1300B600E9 /* ContentView.swift */ = {isa = PBXFileReference; lastKnownFileType = sourcecode.swift; path = ContentView.swift; sourceTree = "<group>"; };
		8B76E9CD24C76B1700B600E9 /* Assets.xcassets */ = {isa = PBXFileReference; lastKnownFileType = folder.assetcatalog; path = Assets.xcassets; sourceTree = "<group>"; };
		8B76E9D024C76B1700B600E9 /* Preview Assets.xcassets */ = {isa = PBXFileReference; lastKnownFileType = folder.assetcatalog; path = "Preview Assets.xcassets"; sourceTree = "<group>"; };
		8B76E9D324C76B1700B600E9 /* Base */ = {isa = PBXFileReference; lastKnownFileType = file.storyboard; name = Base; path = Base.lproj/LaunchScreen.storyboard; sourceTree = "<group>"; };
		8B76E9D524C76B1700B600E9 /* Info.plist */ = {isa = PBXFileReference; lastKnownFileType = text.plist.xml; path = Info.plist; sourceTree = "<group>"; };
		8B76E9DC24C78EDC00B600E9 /* AppSearchController.swift */ = {isa = PBXFileReference; lastKnownFileType = sourcecode.swift; path = AppSearchController.swift; sourceTree = "<group>"; };
		8B76E9DF24C7948700B600E9 /* SearchResultCell.swift */ = {isa = PBXFileReference; lastKnownFileType = sourcecode.swift; path = SearchResultCell.swift; sourceTree = "<group>"; };
		8B76E9E224C7A56300B600E9 /* ASLabel.swift */ = {isa = PBXFileReference; lastKnownFileType = sourcecode.swift; path = ASLabel.swift; sourceTree = "<group>"; };
		8B76E9E424C7A92900B600E9 /* ASImageView.swift */ = {isa = PBXFileReference; lastKnownFileType = sourcecode.swift; path = ASImageView.swift; sourceTree = "<group>"; };
		8B76E9E624C7AC2E00B600E9 /* ASButton.swift */ = {isa = PBXFileReference; lastKnownFileType = sourcecode.swift; path = ASButton.swift; sourceTree = "<group>"; };
		8B76E9E924C7ADB900B600E9 /* Extensions.swift */ = {isa = PBXFileReference; lastKnownFileType = sourcecode.swift; path = Extensions.swift; sourceTree = "<group>"; };
		8B76E9EB24C7DC9400B600E9 /* ASStackView.swift */ = {isa = PBXFileReference; lastKnownFileType = sourcecode.swift; path = ASStackView.swift; sourceTree = "<group>"; };
		8BABE0BF24CB7C2C008503ED /* AppsGroupCell.swift */ = {isa = PBXFileReference; lastKnownFileType = sourcecode.swift; path = AppsGroupCell.swift; sourceTree = "<group>"; };
		8BABE0C324CB8823008503ED /* HorizontalApssController.swift */ = {isa = PBXFileReference; lastKnownFileType = sourcecode.swift; path = HorizontalApssController.swift; sourceTree = "<group>"; };
		8BABE0C524CBA06B008503ED /* AppsRowCell.swift */ = {isa = PBXFileReference; lastKnownFileType = sourcecode.swift; path = AppsRowCell.swift; sourceTree = "<group>"; };
		8BB9204324CB649700DEA614 /* AppsController.swift */ = {isa = PBXFileReference; lastKnownFileType = sourcecode.swift; path = AppsController.swift; sourceTree = "<group>"; };
		8BDF526624CA3E8700610BFA /* BaseTabBarController.swift */ = {isa = PBXFileReference; lastKnownFileType = sourcecode.swift; path = BaseTabBarController.swift; sourceTree = "<group>"; };
		ECE49B275ACB6FC3B7559D94 /* Pods-AppStoreV1.1.release.xcconfig */ = {isa = PBXFileReference; includeInIndex = 1; lastKnownFileType = text.xcconfig; name = "Pods-AppStoreV1.1.release.xcconfig"; path = "Target Support Files/Pods-AppStoreV1.1/Pods-AppStoreV1.1.release.xcconfig"; sourceTree = "<group>"; };
/* End PBXFileReference section */

/* Begin PBXFrameworksBuildPhase section */
		8B76E9C124C76B1300B600E9 /* Frameworks */ = {
			isa = PBXFrameworksBuildPhase;
			buildActionMask = 2147483647;
			files = (
				4C2A23A6AD3DBD875BF0CDA7 /* Pods_AppStoreV1_1.framework in Frameworks */,
			);
			runOnlyForDeploymentPostprocessing = 0;
		};
/* End PBXFrameworksBuildPhase section */

/* Begin PBXGroup section */
		8B2CE50624C8FD2300D199F1 /* Network */ = {
			isa = PBXGroup;
			children = (
				8B2CE50424C8FCB100D199F1 /* NetworkService.swift */,
			);
			path = Network;
			sourceTree = "<group>";
		};
		8B2CE50724C903D800D199F1 /* Model */ = {
			isa = PBXGroup;
			children = (
				8B2CE50824C903FB00D199F1 /* SearchResult.swift */,
			);
			path = Model;
			sourceTree = "<group>";
		};
		8B76E9BB24C76B1200B600E9 = {
			isa = PBXGroup;
			children = (
				8B76E9C624C76B1300B600E9 /* AppStoreV1.1 */,
				8B76E9C524C76B1300B600E9 /* Products */,
				D2555C45FCA8DAB9512D67C1 /* Pods */,
				DE0E64D8034BD292F21B1823 /* Frameworks */,
			);
			sourceTree = "<group>";
		};
		8B76E9C524C76B1300B600E9 /* Products */ = {
			isa = PBXGroup;
			children = (
				8B76E9C424C76B1300B600E9 /* AppStoreV1.1.app */,
			);
			name = Products;
			sourceTree = "<group>";
		};
		8B76E9C624C76B1300B600E9 /* AppStoreV1.1 */ = {
			isa = PBXGroup;
			children = (
				8B76E9C724C76B1300B600E9 /* AppDelegate.swift */,
				8B76E9C924C76B1300B600E9 /* SceneDelegate.swift */,
				8B2CE50724C903D800D199F1 /* Model */,
				8B2CE50624C8FD2300D199F1 /* Network */,
				8B76E9E824C7AD9400B600E9 /* Extensions */,
				8B76E9E124C7A53F00B600E9 /* Custom */,
				8B76E9DE24C7946000B600E9 /* Views */,
				8B76E9DB24C78E4000B600E9 /* Controllers */,
				8B76E9CB24C76B1300B600E9 /* ContentView.swift */,
				8B76E9CD24C76B1700B600E9 /* Assets.xcassets */,
				8B76E9D224C76B1700B600E9 /* LaunchScreen.storyboard */,
				8B76E9CF24C76B1700B600E9 /* Preview Content */,
				8B76E9D524C76B1700B600E9 /* Info.plist */,
			);
			path = AppStoreV1.1;
			sourceTree = "<group>";
		};
		8B76E9CF24C76B1700B600E9 /* Preview Content */ = {
			isa = PBXGroup;
			children = (
				8B76E9D024C76B1700B600E9 /* Preview Assets.xcassets */,
			);
			path = "Preview Content";
			sourceTree = "<group>";
		};
		8B76E9DB24C78E4000B600E9 /* Controllers */ = {
			isa = PBXGroup;
			children = (
				8BABE0C324CB8823008503ED /* HorizontalApssController.swift */,
				8BB9204324CB649700DEA614 /* AppsController.swift */,
				8B76E9DC24C78EDC00B600E9 /* AppSearchController.swift */,
				8BDF526624CA3E8700610BFA /* BaseTabBarController.swift */,
			);
			path = Controllers;
			sourceTree = "<group>";
		};
		8B76E9DE24C7946000B600E9 /* Views */ = {
			isa = PBXGroup;
			children = (
				8BABE0BD24CB7BCF008503ED /* AppsView */,
				8BABE0BC24CB7BBE008503ED /* Search */,
			);
			path = Views;
			sourceTree = "<group>";
		};
		8B76E9E124C7A53F00B600E9 /* Custom */ = {
			isa = PBXGroup;
			children = (
				8B76E9E224C7A56300B600E9 /* ASLabel.swift */,
				8B76E9E424C7A92900B600E9 /* ASImageView.swift */,
				8B76E9E624C7AC2E00B600E9 /* ASButton.swift */,
				8B76E9EB24C7DC9400B600E9 /* ASStackView.swift */,
			);
			name = Custom;
			sourceTree = "<group>";
		};
		8B76E9E824C7AD9400B600E9 /* Extensions */ = {
			isa = PBXGroup;
			children = (
				8B76E9E924C7ADB900B600E9 /* Extensions.swift */,
			);
			path = Extensions;
			sourceTree = "<group>";
		};
		8BABE0BC24CB7BBE008503ED /* Search */ = {
			isa = PBXGroup;
			children = (
				8B76E9DF24C7948700B600E9 /* SearchResultCell.swift */,
			);
			path = Search;
			sourceTree = "<group>";
		};
		8BABE0BD24CB7BCF008503ED /* AppsView */ = {
			isa = PBXGroup;
			children = (
				8BABE0C524CBA06B008503ED /* AppsRowCell.swift */,
				8BABE0BF24CB7C2C008503ED /* AppsGroupCell.swift */,
			);
			path = AppsView;
			sourceTree = "<group>";
		};
		D2555C45FCA8DAB9512D67C1 /* Pods */ = {
			isa = PBXGroup;
			children = (
				72A2A68822A738A876B88F8C /* Pods-AppStoreV1.1.debug.xcconfig */,
				ECE49B275ACB6FC3B7559D94 /* Pods-AppStoreV1.1.release.xcconfig */,
			);
			path = Pods;
			sourceTree = "<group>";
		};
		DE0E64D8034BD292F21B1823 /* Frameworks */ = {
			isa = PBXGroup;
			children = (
				8A3AB10A3396F0B9E5B8EDE6 /* Pods_AppStoreV1_1.framework */,
			);
			name = Frameworks;
			sourceTree = "<group>";
		};
/* End PBXGroup section */

/* Begin PBXNativeTarget section */
		8B76E9C324C76B1300B600E9 /* AppStoreV1.1 */ = {
			isa = PBXNativeTarget;
			buildConfigurationList = 8B76E9D824C76B1700B600E9 /* Build configuration list for PBXNativeTarget "AppStoreV1.1" */;
			buildPhases = (
				E0628FAE9E063F36AC5B1233 /* [CP] Check Pods Manifest.lock */,
				8B76E9C024C76B1300B600E9 /* Sources */,
				8B76E9C124C76B1300B600E9 /* Frameworks */,
				8B76E9C224C76B1300B600E9 /* Resources */,
				5E3A558D8570539B5F433102 /* [CP] Embed Pods Frameworks */,
			);
			buildRules = (
			);
			dependencies = (
			);
			name = AppStoreV1.1;
			productName = AppStoreV1.1;
			productReference = 8B76E9C424C76B1300B600E9 /* AppStoreV1.1.app */;
			productType = "com.apple.product-type.application";
		};
/* End PBXNativeTarget section */

/* Begin PBXProject section */
		8B76E9BC24C76B1200B600E9 /* Project object */ = {
			isa = PBXProject;
			attributes = {
				LastSwiftUpdateCheck = 1160;
				LastUpgradeCheck = 1160;
				ORGANIZATIONNAME = "Avisa Poshtkouhi";
				TargetAttributes = {
					8B76E9C324C76B1300B600E9 = {
						CreatedOnToolsVersion = 11.6;
					};
				};
			};
			buildConfigurationList = 8B76E9BF24C76B1200B600E9 /* Build configuration list for PBXProject "AppStoreV1.1" */;
			compatibilityVersion = "Xcode 9.3";
			developmentRegion = en;
			hasScannedForEncodings = 0;
			knownRegions = (
				en,
				Base,
			);
			mainGroup = 8B76E9BB24C76B1200B600E9;
			productRefGroup = 8B76E9C524C76B1300B600E9 /* Products */;
			projectDirPath = "";
			projectRoot = "";
			targets = (
				8B76E9C324C76B1300B600E9 /* AppStoreV1.1 */,
			);
		};
/* End PBXProject section */

/* Begin PBXResourcesBuildPhase section */
		8B76E9C224C76B1300B600E9 /* Resources */ = {
			isa = PBXResourcesBuildPhase;
			buildActionMask = 2147483647;
			files = (
				8B76E9D424C76B1700B600E9 /* LaunchScreen.storyboard in Resources */,
				8B76E9D124C76B1700B600E9 /* Preview Assets.xcassets in Resources */,
				8B76E9CE24C76B1700B600E9 /* Assets.xcassets in Resources */,
			);
			runOnlyForDeploymentPostprocessing = 0;
		};
/* End PBXResourcesBuildPhase section */

/* Begin PBXShellScriptBuildPhase section */
		5E3A558D8570539B5F433102 /* [CP] Embed Pods Frameworks */ = {
			isa = PBXShellScriptBuildPhase;
			buildActionMask = 2147483647;
			files = (
			);
			inputFileListPaths = (
				"${PODS_ROOT}/Target Support Files/Pods-AppStoreV1.1/Pods-AppStoreV1.1-frameworks-${CONFIGURATION}-input-files.xcfilelist",
			);
			name = "[CP] Embed Pods Frameworks";
			outputFileListPaths = (
				"${PODS_ROOT}/Target Support Files/Pods-AppStoreV1.1/Pods-AppStoreV1.1-frameworks-${CONFIGURATION}-output-files.xcfilelist",
			);
			runOnlyForDeploymentPostprocessing = 0;
			shellPath = /bin/sh;
			shellScript = "\"${PODS_ROOT}/Target Support Files/Pods-AppStoreV1.1/Pods-AppStoreV1.1-frameworks.sh\"\n";
			showEnvVarsInLog = 0;
		};
		E0628FAE9E063F36AC5B1233 /* [CP] Check Pods Manifest.lock */ = {
			isa = PBXShellScriptBuildPhase;
			buildActionMask = 2147483647;
			files = (
			);
			inputFileListPaths = (
			);
			inputPaths = (
				"${PODS_PODFILE_DIR_PATH}/Podfile.lock",
				"${PODS_ROOT}/Manifest.lock",
			);
			name = "[CP] Check Pods Manifest.lock";
			outputFileListPaths = (
			);
			outputPaths = (
				"$(DERIVED_FILE_DIR)/Pods-AppStoreV1.1-checkManifestLockResult.txt",
			);
			runOnlyForDeploymentPostprocessing = 0;
			shellPath = /bin/sh;
			shellScript = "diff \"${PODS_PODFILE_DIR_PATH}/Podfile.lock\" \"${PODS_ROOT}/Manifest.lock\" > /dev/null\nif [ $? != 0 ] ; then\n    # print error to STDERR\n    echo \"error: The sandbox is not in sync with the Podfile.lock. Run 'pod install' or update your CocoaPods installation.\" >&2\n    exit 1\nfi\n# This output is used by Xcode 'outputs' to avoid re-running this script phase.\necho \"SUCCESS\" > \"${SCRIPT_OUTPUT_FILE_0}\"\n";
			showEnvVarsInLog = 0;
		};
/* End PBXShellScriptBuildPhase section */

/* Begin PBXSourcesBuildPhase section */
		8B76E9C024C76B1300B600E9 /* Sources */ = {
			isa = PBXSourcesBuildPhase;
			buildActionMask = 2147483647;
			files = (
				8B2CE50524C8FCB100D199F1 /* NetworkService.swift in Sources */,
				8B76E9C824C76B1300B600E9 /* AppDelegate.swift in Sources */,
				8B76E9EA24C7ADB900B600E9 /* Extensions.swift in Sources */,
				8B76E9E724C7AC2E00B600E9 /* ASButton.swift in Sources */,
				8BABE0C024CB7C2C008503ED /* AppsGroupCell.swift in Sources */,
				8B76E9CA24C76B1300B600E9 /* SceneDelegate.swift in Sources */,
				8B76E9CC24C76B1300B600E9 /* ContentView.swift in Sources */,
				8B76E9DD24C78EDC00B600E9 /* AppSearchController.swift in Sources */,
				8BB9204424CB649700DEA614 /* AppsController.swift in Sources */,
				8B76E9E524C7A92900B600E9 /* ASImageView.swift in Sources */,
				8B76E9E324C7A56300B600E9 /* ASLabel.swift in Sources */,
				8B76E9E024C7948700B600E9 /* SearchResultCell.swift in Sources */,
				8BDF526724CA3E8700610BFA /* BaseTabBarController.swift in Sources */,
				8B2CE50924C903FB00D199F1 /* SearchResult.swift in Sources */,
				8BABE0C424CB8823008503ED /* HorizontalApssController.swift in Sources */,
				8B76E9EC24C7DC9400B600E9 /* ASStackView.swift in Sources */,
				8BABE0C624CBA06B008503ED /* AppsRowCell.swift in Sources */,
			);
			runOnlyForDeploymentPostprocessing = 0;
		};
/* End PBXSourcesBuildPhase section */

/* Begin PBXVariantGroup section */
		8B76E9D224C76B1700B600E9 /* LaunchScreen.storyboard */ = {
			isa = PBXVariantGroup;
			children = (
				8B76E9D324C76B1700B600E9 /* Base */,
			);
			name = LaunchScreen.storyboard;
			sourceTree = "<group>";
		};
/* End PBXVariantGroup section */

/* Begin XCBuildConfiguration section */
		8B76E9D624C76B1700B600E9 /* Debug */ = {
			isa = XCBuildConfiguration;
			buildSettings = {
				ALWAYS_SEARCH_USER_PATHS = NO;
				CLANG_ANALYZER_NONNULL = YES;
				CLANG_ANALYZER_NUMBER_OBJECT_CONVERSION = YES_AGGRESSIVE;
				CLANG_CXX_LANGUAGE_STANDARD = "gnu++14";
				CLANG_CXX_LIBRARY = "libc++";
				CLANG_ENABLE_MODULES = YES;
				CLANG_ENABLE_OBJC_ARC = YES;
				CLANG_ENABLE_OBJC_WEAK = YES;
				CLANG_WARN_BLOCK_CAPTURE_AUTORELEASING = YES;
				CLANG_WARN_BOOL_CONVERSION = YES;
				CLANG_WARN_COMMA = YES;
				CLANG_WARN_CONSTANT_CONVERSION = YES;
				CLANG_WARN_DEPRECATED_OBJC_IMPLEMENTATIONS = YES;
				CLANG_WARN_DIRECT_OBJC_ISA_USAGE = YES_ERROR;
				CLANG_WARN_DOCUMENTATION_COMMENTS = YES;
				CLANG_WARN_EMPTY_BODY = YES;
				CLANG_WARN_ENUM_CONVERSION = YES;
				CLANG_WARN_INFINITE_RECURSION = YES;
				CLANG_WARN_INT_CONVERSION = YES;
				CLANG_WARN_NON_LITERAL_NULL_CONVERSION = YES;
				CLANG_WARN_OBJC_IMPLICIT_RETAIN_SELF = YES;
				CLANG_WARN_OBJC_LITERAL_CONVERSION = YES;
				CLANG_WARN_OBJC_ROOT_CLASS = YES_ERROR;
				CLANG_WARN_RANGE_LOOP_ANALYSIS = YES;
				CLANG_WARN_STRICT_PROTOTYPES = YES;
				CLANG_WARN_SUSPICIOUS_MOVE = YES;
				CLANG_WARN_UNGUARDED_AVAILABILITY = YES_AGGRESSIVE;
				CLANG_WARN_UNREACHABLE_CODE = YES;
				CLANG_WARN__DUPLICATE_METHOD_MATCH = YES;
				COPY_PHASE_STRIP = NO;
				DEBUG_INFORMATION_FORMAT = dwarf;
				ENABLE_STRICT_OBJC_MSGSEND = YES;
				ENABLE_TESTABILITY = YES;
				GCC_C_LANGUAGE_STANDARD = gnu11;
				GCC_DYNAMIC_NO_PIC = NO;
				GCC_NO_COMMON_BLOCKS = YES;
				GCC_OPTIMIZATION_LEVEL = 0;
				GCC_PREPROCESSOR_DEFINITIONS = (
					"DEBUG=1",
					"$(inherited)",
				);
				GCC_WARN_64_TO_32_BIT_CONVERSION = YES;
				GCC_WARN_ABOUT_RETURN_TYPE = YES_ERROR;
				GCC_WARN_UNDECLARED_SELECTOR = YES;
				GCC_WARN_UNINITIALIZED_AUTOS = YES_AGGRESSIVE;
				GCC_WARN_UNUSED_FUNCTION = YES;
				GCC_WARN_UNUSED_VARIABLE = YES;
				IPHONEOS_DEPLOYMENT_TARGET = 13.6;
				MTL_ENABLE_DEBUG_INFO = INCLUDE_SOURCE;
				MTL_FAST_MATH = YES;
				ONLY_ACTIVE_ARCH = YES;
				SDKROOT = iphoneos;
				SWIFT_ACTIVE_COMPILATION_CONDITIONS = DEBUG;
				SWIFT_OPTIMIZATION_LEVEL = "-Onone";
			};
			name = Debug;
		};
		8B76E9D724C76B1700B600E9 /* Release */ = {
			isa = XCBuildConfiguration;
			buildSettings = {
				ALWAYS_SEARCH_USER_PATHS = NO;
				CLANG_ANALYZER_NONNULL = YES;
				CLANG_ANALYZER_NUMBER_OBJECT_CONVERSION = YES_AGGRESSIVE;
				CLANG_CXX_LANGUAGE_STANDARD = "gnu++14";
				CLANG_CXX_LIBRARY = "libc++";
				CLANG_ENABLE_MODULES = YES;
				CLANG_ENABLE_OBJC_ARC = YES;
				CLANG_ENABLE_OBJC_WEAK = YES;
				CLANG_WARN_BLOCK_CAPTURE_AUTORELEASING = YES;
				CLANG_WARN_BOOL_CONVERSION = YES;
				CLANG_WARN_COMMA = YES;
				CLANG_WARN_CONSTANT_CONVERSION = YES;
				CLANG_WARN_DEPRECATED_OBJC_IMPLEMENTATIONS = YES;
				CLANG_WARN_DIRECT_OBJC_ISA_USAGE = YES_ERROR;
				CLANG_WARN_DOCUMENTATION_COMMENTS = YES;
				CLANG_WARN_EMPTY_BODY = YES;
				CLANG_WARN_ENUM_CONVERSION = YES;
				CLANG_WARN_INFINITE_RECURSION = YES;
				CLANG_WARN_INT_CONVERSION = YES;
				CLANG_WARN_NON_LITERAL_NULL_CONVERSION = YES;
				CLANG_WARN_OBJC_IMPLICIT_RETAIN_SELF = YES;
				CLANG_WARN_OBJC_LITERAL_CONVERSION = YES;
				CLANG_WARN_OBJC_ROOT_CLASS = YES_ERROR;
				CLANG_WARN_RANGE_LOOP_ANALYSIS = YES;
				CLANG_WARN_STRICT_PROTOTYPES = YES;
				CLANG_WARN_SUSPICIOUS_MOVE = YES;
				CLANG_WARN_UNGUARDED_AVAILABILITY = YES_AGGRESSIVE;
				CLANG_WARN_UNREACHABLE_CODE = YES;
				CLANG_WARN__DUPLICATE_METHOD_MATCH = YES;
				COPY_PHASE_STRIP = NO;
				DEBUG_INFORMATION_FORMAT = "dwarf-with-dsym";
				ENABLE_NS_ASSERTIONS = NO;
				ENABLE_STRICT_OBJC_MSGSEND = YES;
				GCC_C_LANGUAGE_STANDARD = gnu11;
				GCC_NO_COMMON_BLOCKS = YES;
				GCC_WARN_64_TO_32_BIT_CONVERSION = YES;
				GCC_WARN_ABOUT_RETURN_TYPE = YES_ERROR;
				GCC_WARN_UNDECLARED_SELECTOR = YES;
				GCC_WARN_UNINITIALIZED_AUTOS = YES_AGGRESSIVE;
				GCC_WARN_UNUSED_FUNCTION = YES;
				GCC_WARN_UNUSED_VARIABLE = YES;
				IPHONEOS_DEPLOYMENT_TARGET = 13.6;
				MTL_ENABLE_DEBUG_INFO = NO;
				MTL_FAST_MATH = YES;
				SDKROOT = iphoneos;
				SWIFT_COMPILATION_MODE = wholemodule;
				SWIFT_OPTIMIZATION_LEVEL = "-O";
				VALIDATE_PRODUCT = YES;
			};
			name = Release;
		};
		8B76E9D924C76B1700B600E9 /* Debug */ = {
			isa = XCBuildConfiguration;
			baseConfigurationReference = 72A2A68822A738A876B88F8C /* Pods-AppStoreV1.1.debug.xcconfig */;
			buildSettings = {
				ASSETCATALOG_COMPILER_APPICON_NAME = AppIcon;
				CODE_SIGN_STYLE = Automatic;
				DEVELOPMENT_ASSET_PATHS = "\"AppStoreV1.1/Preview Content\"";
				DEVELOPMENT_TEAM = KPS76U7566;
				ENABLE_PREVIEWS = YES;
				INFOPLIST_FILE = AppStoreV1.1/Info.plist;
				LD_RUNPATH_SEARCH_PATHS = (
					"$(inherited)",
					"@executable_path/Frameworks",
				);
				PRODUCT_BUNDLE_IDENTIFIER = "com.AvisaPoshtkouhi.AppStoreV1-1";
				PRODUCT_NAME = "$(TARGET_NAME)";
				SWIFT_VERSION = 5.0;
				TARGETED_DEVICE_FAMILY = "1,2";
			};
			name = Debug;
		};
		8B76E9DA24C76B1700B600E9 /* Release */ = {
			isa = XCBuildConfiguration;
			baseConfigurationReference = ECE49B275ACB6FC3B7559D94 /* Pods-AppStoreV1.1.release.xcconfig */;
			buildSettings = {
				ASSETCATALOG_COMPILER_APPICON_NAME = AppIcon;
				CODE_SIGN_STYLE = Automatic;
				DEVELOPMENT_ASSET_PATHS = "\"AppStoreV1.1/Preview Content\"";
				DEVELOPMENT_TEAM = KPS76U7566;
				ENABLE_PREVIEWS = YES;
				INFOPLIST_FILE = AppStoreV1.1/Info.plist;
				LD_RUNPATH_SEARCH_PATHS = (
					"$(inherited)",
					"@executable_path/Frameworks",
				);
				PRODUCT_BUNDLE_IDENTIFIER = "com.AvisaPoshtkouhi.AppStoreV1-1";
				PRODUCT_NAME = "$(TARGET_NAME)";
				SWIFT_VERSION = 5.0;
				TARGETED_DEVICE_FAMILY = "1,2";
			};
			name = Release;
		};
/* End XCBuildConfiguration section */

/* Begin XCConfigurationList section */
		8B76E9BF24C76B1200B600E9 /* Build configuration list for PBXProject "AppStoreV1.1" */ = {
			isa = XCConfigurationList;
			buildConfigurations = (
				8B76E9D624C76B1700B600E9 /* Debug */,
				8B76E9D724C76B1700B600E9 /* Release */,
			);
			defaultConfigurationIsVisible = 0;
			defaultConfigurationName = Release;
		};
		8B76E9D824C76B1700B600E9 /* Build configuration list for PBXNativeTarget "AppStoreV1.1" */ = {
			isa = XCConfigurationList;
			buildConfigurations = (
				8B76E9D924C76B1700B600E9 /* Debug */,
				8B76E9DA24C76B1700B600E9 /* Release */,
			);
			defaultConfigurationIsVisible = 0;
			defaultConfigurationName = Release;
		};
/* End XCConfigurationList section */
	};
	rootObject = 8B76E9BC24C76B1200B600E9 /* Project object */;
}
